// !$*UTF8*$!
{
	archiveVersion = 1;
	classes = {
	};
	objectVersion = 56;
	objects = {

/* Begin PBXBuildFile section */
		C03AE8DA2CAF7BF700FFFE99 /* CookbookApp.swift in Sources */ = {isa = PBXBuildFile; fileRef = C03AE8D92CAF7BF700FFFE99 /* CookbookApp.swift */; };
		C03AE8DC2CAF7BF700FFFE99 /* ContentView.swift in Sources */ = {isa = PBXBuildFile; fileRef = C03AE8DB2CAF7BF700FFFE99 /* ContentView.swift */; };
		C03AE8DE2CAF7BF900FFFE99 /* Assets.xcassets in Resources */ = {isa = PBXBuildFile; fileRef = C03AE8DD2CAF7BF900FFFE99 /* Assets.xcassets */; };
		C03AE8E12CAF7BF900FFFE99 /* Preview Assets.xcassets in Resources */ = {isa = PBXBuildFile; fileRef = C03AE8E02CAF7BF900FFFE99 /* Preview Assets.xcassets */; };
		C03AE8EB2CAF7BF900FFFE99 /* CookbookTests.swift in Sources */ = {isa = PBXBuildFile; fileRef = C03AE8EA2CAF7BF900FFFE99 /* CookbookTests.swift */; };
		C03AE8F52CAF7BF900FFFE99 /* CookbookUITests.swift in Sources */ = {isa = PBXBuildFile; fileRef = C03AE8F42CAF7BF900FFFE99 /* CookbookUITests.swift */; };
		C03AE8F72CAF7BF900FFFE99 /* CookbookUITestsLaunchTests.swift in Sources */ = {isa = PBXBuildFile; fileRef = C03AE8F62CAF7BF900FFFE99 /* CookbookUITestsLaunchTests.swift */; };
/* End PBXBuildFile section */

/* Begin PBXContainerItemProxy section */
		C03AE8E72CAF7BF900FFFE99 /* PBXContainerItemProxy */ = {
			isa = PBXContainerItemProxy;
			containerPortal = C03AE8CE2CAF7BF700FFFE99 /* Project object */;
			proxyType = 1;
			remoteGlobalIDString = C03AE8D52CAF7BF700FFFE99;
			remoteInfo = Cookbook;
		};
		C03AE8F12CAF7BF900FFFE99 /* PBXContainerItemProxy */ = {
			isa = PBXContainerItemProxy;
			containerPortal = C03AE8CE2CAF7BF700FFFE99 /* Project object */;
			proxyType = 1;
			remoteGlobalIDString = C03AE8D52CAF7BF700FFFE99;
			remoteInfo = Cookbook;
		};
/* End PBXContainerItemProxy section */

/* Begin PBXFileReference section */
		C03AE8D62CAF7BF700FFFE99 /* Cookbook.app */ = {isa = PBXFileReference; explicitFileType = wrapper.application; includeInIndex = 0; path = Cookbook.app; sourceTree = BUILT_PRODUCTS_DIR; };
		C03AE8D92CAF7BF700FFFE99 /* CookbookApp.swift */ = {isa = PBXFileReference; lastKnownFileType = sourcecode.swift; path = CookbookApp.swift; sourceTree = "<group>"; };
		C03AE8DB2CAF7BF700FFFE99 /* ContentView.swift */ = {isa = PBXFileReference; lastKnownFileType = sourcecode.swift; path = ContentView.swift; sourceTree = "<group>"; };
		C03AE8DD2CAF7BF900FFFE99 /* Assets.xcassets */ = {isa = PBXFileReference; lastKnownFileType = folder.assetcatalog; path = Assets.xcassets; sourceTree = "<group>"; };
		C03AE8E02CAF7BF900FFFE99 /* Preview Assets.xcassets */ = {isa = PBXFileReference; lastKnownFileType = folder.assetcatalog; path = "Preview Assets.xcassets"; sourceTree = "<group>"; };
		C03AE8E62CAF7BF900FFFE99 /* CookbookTests.xctest */ = {isa = PBXFileReference; explicitFileType = wrapper.cfbundle; includeInIndex = 0; path = CookbookTests.xctest; sourceTree = BUILT_PRODUCTS_DIR; };
		C03AE8EA2CAF7BF900FFFE99 /* CookbookTests.swift */ = {isa = PBXFileReference; lastKnownFileType = sourcecode.swift; path = CookbookTests.swift; sourceTree = "<group>"; };
		C03AE8F02CAF7BF900FFFE99 /* CookbookUITests.xctest */ = {isa = PBXFileReference; explicitFileType = wrapper.cfbundle; includeInIndex = 0; path = CookbookUITests.xctest; sourceTree = BUILT_PRODUCTS_DIR; };
		C03AE8F42CAF7BF900FFFE99 /* CookbookUITests.swift */ = {isa = PBXFileReference; lastKnownFileType = sourcecode.swift; path = CookbookUITests.swift; sourceTree = "<group>"; };
		C03AE8F62CAF7BF900FFFE99 /* CookbookUITestsLaunchTests.swift */ = {isa = PBXFileReference; lastKnownFileType = sourcecode.swift; path = CookbookUITestsLaunchTests.swift; sourceTree = "<group>"; };
/* End PBXFileReference section */

/* Begin PBXFrameworksBuildPhase section */
		C03AE8D32CAF7BF700FFFE99 /* Frameworks */ = {
			isa = PBXFrameworksBuildPhase;
			buildActionMask = 2147483647;
			files = (
			);
			runOnlyForDeploymentPostprocessing = 0;
		};
		C03AE8E32CAF7BF900FFFE99 /* Frameworks */ = {
			isa = PBXFrameworksBuildPhase;
			buildActionMask = 2147483647;
			files = (
			);
			runOnlyForDeploymentPostprocessing = 0;
		};
		C03AE8ED2CAF7BF900FFFE99 /* Frameworks */ = {
			isa = PBXFrameworksBuildPhase;
			buildActionMask = 2147483647;
			files = (
			);
			runOnlyForDeploymentPostprocessing = 0;
		};
/* End PBXFrameworksBuildPhase section */

/* Begin PBXGroup section */
		C03AE8CD2CAF7BF700FFFE99 = {
			isa = PBXGroup;
			children = (
				C03AE8D82CAF7BF700FFFE99 /* Cookbook */,
				C03AE8E92CAF7BF900FFFE99 /* CookbookTests */,
				C03AE8F32CAF7BF900FFFE99 /* CookbookUITests */,
				C03AE8D72CAF7BF700FFFE99 /* Products */,
			);
			sourceTree = "<group>";
		};
		C03AE8D72CAF7BF700FFFE99 /* Products */ = {
			isa = PBXGroup;
			children = (
				C03AE8D62CAF7BF700FFFE99 /* Cookbook.app */,
				C03AE8E62CAF7BF900FFFE99 /* CookbookTests.xctest */,
				C03AE8F02CAF7BF900FFFE99 /* CookbookUITests.xctest */,
			);
			name = Products;
			sourceTree = "<group>";
		};
		C03AE8D82CAF7BF700FFFE99 /* Cookbook */ = {
			isa = PBXGroup;
			children = (
				C03AE8D92CAF7BF700FFFE99 /* CookbookApp.swift */,
				C03AE8DB2CAF7BF700FFFE99 /* ContentView.swift */,
				C03AE8DD2CAF7BF900FFFE99 /* Assets.xcassets */,
				C03AE8DF2CAF7BF900FFFE99 /* Preview Content */,
			);
			path = Cookbook;
			sourceTree = "<group>";
		};
		C03AE8DF2CAF7BF900FFFE99 /* Preview Content */ = {
			isa = PBXGroup;
			children = (
				C03AE8E02CAF7BF900FFFE99 /* Preview Assets.xcassets */,
			);
			path = "Preview Content";
			sourceTree = "<group>";
		};
		C03AE8E92CAF7BF900FFFE99 /* CookbookTests */ = {
			isa = PBXGroup;
			children = (
				C03AE8EA2CAF7BF900FFFE99 /* CookbookTests.swift */,
			);
			path = CookbookTests;
			sourceTree = "<group>";
		};
		C03AE8F32CAF7BF900FFFE99 /* CookbookUITests */ = {
			isa = PBXGroup;
			children = (
				C03AE8F42CAF7BF900FFFE99 /* CookbookUITests.swift */,
				C03AE8F62CAF7BF900FFFE99 /* CookbookUITestsLaunchTests.swift */,
			);
			path = CookbookUITests;
			sourceTree = "<group>";
		};
/* End PBXGroup section */

/* Begin PBXNativeTarget section */
		C03AE8D52CAF7BF700FFFE99 /* Cookbook */ = {
			isa = PBXNativeTarget;
			buildConfigurationList = C03AE8FA2CAF7BF900FFFE99 /* Build configuration list for PBXNativeTarget "Cookbook" */;
			buildPhases = (
				C03AE8D22CAF7BF700FFFE99 /* Sources */,
				C03AE8D32CAF7BF700FFFE99 /* Frameworks */,
				C03AE8D42CAF7BF700FFFE99 /* Resources */,
			);
			buildRules = (
			);
			dependencies = (
			);
			name = Cookbook;
			productName = Cookbook;
			productReference = C03AE8D62CAF7BF700FFFE99 /* Cookbook.app */;
			productType = "com.apple.product-type.application";
		};
		C03AE8E52CAF7BF900FFFE99 /* CookbookTests */ = {
			isa = PBXNativeTarget;
			buildConfigurationList = C03AE8FD2CAF7BF900FFFE99 /* Build configuration list for PBXNativeTarget "CookbookTests" */;
			buildPhases = (
				C03AE8E22CAF7BF900FFFE99 /* Sources */,
				C03AE8E32CAF7BF900FFFE99 /* Frameworks */,
				C03AE8E42CAF7BF900FFFE99 /* Resources */,
			);
			buildRules = (
			);
			dependencies = (
				C03AE8E82CAF7BF900FFFE99 /* PBXTargetDependency */,
			);
			name = CookbookTests;
			productName = CookbookTests;
			productReference = C03AE8E62CAF7BF900FFFE99 /* CookbookTests.xctest */;
			productType = "com.apple.product-type.bundle.unit-test";
		};
		C03AE8EF2CAF7BF900FFFE99 /* CookbookUITests */ = {
			isa = PBXNativeTarget;
			buildConfigurationList = C03AE9002CAF7BF900FFFE99 /* Build configuration list for PBXNativeTarget "CookbookUITests" */;
			buildPhases = (
				C03AE8EC2CAF7BF900FFFE99 /* Sources */,
				C03AE8ED2CAF7BF900FFFE99 /* Frameworks */,
				C03AE8EE2CAF7BF900FFFE99 /* Resources */,
			);
			buildRules = (
			);
			dependencies = (
				C03AE8F22CAF7BF900FFFE99 /* PBXTargetDependency */,
			);
			name = CookbookUITests;
			productName = CookbookUITests;
			productReference = C03AE8F02CAF7BF900FFFE99 /* CookbookUITests.xctest */;
			productType = "com.apple.product-type.bundle.ui-testing";
		};
/* End PBXNativeTarget section */

/* Begin PBXProject section */
		C03AE8CE2CAF7BF700FFFE99 /* Project object */ = {
			isa = PBXProject;
			attributes = {
				BuildIndependentTargetsInParallel = 1;
				LastSwiftUpdateCheck = 1510;
				LastUpgradeCheck = 1510;
				TargetAttributes = {
					C03AE8D52CAF7BF700FFFE99 = {
						CreatedOnToolsVersion = 15.1;
					};
					C03AE8E52CAF7BF900FFFE99 = {
						CreatedOnToolsVersion = 15.1;
						TestTargetID = C03AE8D52CAF7BF700FFFE99;
					};
					C03AE8EF2CAF7BF900FFFE99 = {
						CreatedOnToolsVersion = 15.1;
						TestTargetID = C03AE8D52CAF7BF700FFFE99;
					};
				};
			};
			buildConfigurationList = C03AE8D12CAF7BF700FFFE99 /* Build configuration list for PBXProject "Cookbook" */;
			compatibilityVersion = "Xcode 14.0";
			developmentRegion = en;
			hasScannedForEncodings = 0;
			knownRegions = (
				en,
				Base,
			);
			mainGroup = C03AE8CD2CAF7BF700FFFE99;
			productRefGroup = C03AE8D72CAF7BF700FFFE99 /* Products */;
			projectDirPath = "";
			projectRoot = "";
			targets = (
				C03AE8D52CAF7BF700FFFE99 /* Cookbook */,
				C03AE8E52CAF7BF900FFFE99 /* CookbookTests */,
				C03AE8EF2CAF7BF900FFFE99 /* CookbookUITests */,
			);
		};
/* End PBXProject section */

/* Begin PBXResourcesBuildPhase section */
		C03AE8D42CAF7BF700FFFE99 /* Resources */ = {
			isa = PBXResourcesBuildPhase;
			buildActionMask = 2147483647;
			files = (
				C03AE8E12CAF7BF900FFFE99 /* Preview Assets.xcassets in Resources */,
				C03AE8DE2CAF7BF900FFFE99 /* Assets.xcassets in Resources */,
			);
			runOnlyForDeploymentPostprocessing = 0;
		};
		C03AE8E42CAF7BF900FFFE99 /* Resources */ = {
			isa = PBXResourcesBuildPhase;
			buildActionMask = 2147483647;
			files = (
			);
			runOnlyForDeploymentPostprocessing = 0;
		};
		C03AE8EE2CAF7BF900FFFE99 /* Resources */ = {
			isa = PBXResourcesBuildPhase;
			buildActionMask = 2147483647;
			files = (
			);
			runOnlyForDeploymentPostprocessing = 0;
		};
/* End PBXResourcesBuildPhase section */

/* Begin PBXSourcesBuildPhase section */
		C03AE8D22CAF7BF700FFFE99 /* Sources */ = {
			isa = PBXSourcesBuildPhase;
			buildActionMask = 2147483647;
			files = (
				C03AE8DC2CAF7BF700FFFE99 /* ContentView.swift in Sources */,
				C03AE8DA2CAF7BF700FFFE99 /* CookbookApp.swift in Sources */,
			);
			runOnlyForDeploymentPostprocessing = 0;
		};
		C03AE8E22CAF7BF900FFFE99 /* Sources */ = {
			isa = PBXSourcesBuildPhase;
			buildActionMask = 2147483647;
			files = (
				C03AE8EB2CAF7BF900FFFE99 /* CookbookTests.swift in Sources */,
			);
			runOnlyForDeploymentPostprocessing = 0;
		};
		C03AE8EC2CAF7BF900FFFE99 /* Sources */ = {
			isa = PBXSourcesBuildPhase;
			buildActionMask = 2147483647;
			files = (
				C03AE8F72CAF7BF900FFFE99 /* CookbookUITestsLaunchTests.swift in Sources */,
				C03AE8F52CAF7BF900FFFE99 /* CookbookUITests.swift in Sources */,
			);
			runOnlyForDeploymentPostprocessing = 0;
		};
/* End PBXSourcesBuildPhase section */

/* Begin PBXTargetDependency section */
		C03AE8E82CAF7BF900FFFE99 /* PBXTargetDependency */ = {
			isa = PBXTargetDependency;
			target = C03AE8D52CAF7BF700FFFE99 /* Cookbook */;
			targetProxy = C03AE8E72CAF7BF900FFFE99 /* PBXContainerItemProxy */;
		};
		C03AE8F22CAF7BF900FFFE99 /* PBXTargetDependency */ = {
			isa = PBXTargetDependency;
			target = C03AE8D52CAF7BF700FFFE99 /* Cookbook */;
			targetProxy = C03AE8F12CAF7BF900FFFE99 /* PBXContainerItemProxy */;
		};
/* End PBXTargetDependency section */

/* Begin XCBuildConfiguration section */
		C03AE8F82CAF7BF900FFFE99 /* Debug */ = {
			isa = XCBuildConfiguration;
			buildSettings = {
				ALWAYS_SEARCH_USER_PATHS = NO;
				ASSETCATALOG_COMPILER_GENERATE_SWIFT_ASSET_SYMBOL_EXTENSIONS = YES;
				CLANG_ANALYZER_NONNULL = YES;
				CLANG_ANALYZER_NUMBER_OBJECT_CONVERSION = YES_AGGRESSIVE;
				CLANG_CXX_LANGUAGE_STANDARD = "gnu++20";
				CLANG_ENABLE_MODULES = YES;
				CLANG_ENABLE_OBJC_ARC = YES;
				CLANG_ENABLE_OBJC_WEAK = YES;
				CLANG_WARN_BLOCK_CAPTURE_AUTORELEASING = YES;
				CLANG_WARN_BOOL_CONVERSION = YES;
				CLANG_WARN_COMMA = YES;
				CLANG_WARN_CONSTANT_CONVERSION = YES;
				CLANG_WARN_DEPRECATED_OBJC_IMPLEMENTATIONS = YES;
				CLANG_WARN_DIRECT_OBJC_ISA_USAGE = YES_ERROR;
				CLANG_WARN_DOCUMENTATION_COMMENTS = YES;
				CLANG_WARN_EMPTY_BODY = YES;
				CLANG_WARN_ENUM_CONVERSION = YES;
				CLANG_WARN_INFINITE_RECURSION = YES;
				CLANG_WARN_INT_CONVERSION = YES;
				CLANG_WARN_NON_LITERAL_NULL_CONVERSION = YES;
				CLANG_WARN_OBJC_IMPLICIT_RETAIN_SELF = YES;
				CLANG_WARN_OBJC_LITERAL_CONVERSION = YES;
				CLANG_WARN_OBJC_ROOT_CLASS = YES_ERROR;
				CLANG_WARN_QUOTED_INCLUDE_IN_FRAMEWORK_HEADER = YES;
				CLANG_WARN_RANGE_LOOP_ANALYSIS = YES;
				CLANG_WARN_STRICT_PROTOTYPES = YES;
				CLANG_WARN_SUSPICIOUS_MOVE = YES;
				CLANG_WARN_UNGUARDED_AVAILABILITY = YES_AGGRESSIVE;
				CLANG_WARN_UNREACHABLE_CODE = YES;
				CLANG_WARN__DUPLICATE_METHOD_MATCH = YES;
				COPY_PHASE_STRIP = NO;
				DEBUG_INFORMATION_FORMAT = dwarf;
				ENABLE_STRICT_OBJC_MSGSEND = YES;
				ENABLE_TESTABILITY = YES;
				ENABLE_USER_SCRIPT_SANDBOXING = YES;
				GCC_C_LANGUAGE_STANDARD = gnu17;
				GCC_DYNAMIC_NO_PIC = NO;
				GCC_NO_COMMON_BLOCKS = YES;
				GCC_OPTIMIZATION_LEVEL = 0;
				GCC_PREPROCESSOR_DEFINITIONS = (
					"DEBUG=1",
					"$(inherited)",
				);
				GCC_WARN_64_TO_32_BIT_CONVERSION = YES;
				GCC_WARN_ABOUT_RETURN_TYPE = YES_ERROR;
				GCC_WARN_UNDECLARED_SELECTOR = YES;
				GCC_WARN_UNINITIALIZED_AUTOS = YES_AGGRESSIVE;
				GCC_WARN_UNUSED_FUNCTION = YES;
				GCC_WARN_UNUSED_VARIABLE = YES;
				IPHONEOS_DEPLOYMENT_TARGET = 17.2;
				LOCALIZATION_PREFERS_STRING_CATALOGS = YES;
				MTL_ENABLE_DEBUG_INFO = INCLUDE_SOURCE;
				MTL_FAST_MATH = YES;
				ONLY_ACTIVE_ARCH = YES;
				SDKROOT = iphoneos;
				SWIFT_ACTIVE_COMPILATION_CONDITIONS = "DEBUG $(inherited)";
				SWIFT_OPTIMIZATION_LEVEL = "-Onone";
			};
			name = Debug;
		};
		C03AE8F92CAF7BF900FFFE99 /* Release */ = {
			isa = XCBuildConfiguration;
			buildSettings = {
				ALWAYS_SEARCH_USER_PATHS = NO;
				ASSETCATALOG_COMPILER_GENERATE_SWIFT_ASSET_SYMBOL_EXTENSIONS = YES;
				CLANG_ANALYZER_NONNULL = YES;
				CLANG_ANALYZER_NUMBER_OBJECT_CONVERSION = YES_AGGRESSIVE;
				CLANG_CXX_LANGUAGE_STANDARD = "gnu++20";
				CLANG_ENABLE_MODULES = YES;
				CLANG_ENABLE_OBJC_ARC = YES;
				CLANG_ENABLE_OBJC_WEAK = YES;
				CLANG_WARN_BLOCK_CAPTURE_AUTORELEASING = YES;
				CLANG_WARN_BOOL_CONVERSION = YES;
				CLANG_WARN_COMMA = YES;
				CLANG_WARN_CONSTANT_CONVERSION = YES;
				CLANG_WARN_DEPRECATED_OBJC_IMPLEMENTATIONS = YES;
				CLANG_WARN_DIRECT_OBJC_ISA_USAGE = YES_ERROR;
				CLANG_WARN_DOCUMENTATION_COMMENTS = YES;
				CLANG_WARN_EMPTY_BODY = YES;
				CLANG_WARN_ENUM_CONVERSION = YES;
				CLANG_WARN_INFINITE_RECURSION = YES;
				CLANG_WARN_INT_CONVERSION = YES;
				CLANG_WARN_NON_LITERAL_NULL_CONVERSION = YES;
				CLANG_WARN_OBJC_IMPLICIT_RETAIN_SELF = YES;
				CLANG_WARN_OBJC_LITERAL_CONVERSION = YES;
				CLANG_WARN_OBJC_ROOT_CLASS = YES_ERROR;
				CLANG_WARN_QUOTED_INCLUDE_IN_FRAMEWORK_HEADER = YES;
				CLANG_WARN_RANGE_LOOP_ANALYSIS = YES;
				CLANG_WARN_STRICT_PROTOTYPES = YES;
				CLANG_WARN_SUSPICIOUS_MOVE = YES;
				CLANG_WARN_UNGUARDED_AVAILABILITY = YES_AGGRESSIVE;
				CLANG_WARN_UNREACHABLE_CODE = YES;
				CLANG_WARN__DUPLICATE_METHOD_MATCH = YES;
				COPY_PHASE_STRIP = NO;
				DEBUG_INFORMATION_FORMAT = "dwarf-with-dsym";
				ENABLE_NS_ASSERTIONS = NO;
				ENABLE_STRICT_OBJC_MSGSEND = YES;
				ENABLE_USER_SCRIPT_SANDBOXING = YES;
				GCC_C_LANGUAGE_STANDARD = gnu17;
				GCC_NO_COMMON_BLOCKS = YES;
				GCC_WARN_64_TO_32_BIT_CONVERSION = YES;
				GCC_WARN_ABOUT_RETURN_TYPE = YES_ERROR;
				GCC_WARN_UNDECLARED_SELECTOR = YES;
				GCC_WARN_UNINITIALIZED_AUTOS = YES_AGGRESSIVE;
				GCC_WARN_UNUSED_FUNCTION = YES;
				GCC_WARN_UNUSED_VARIABLE = YES;
				IPHONEOS_DEPLOYMENT_TARGET = 17.2;
				LOCALIZATION_PREFERS_STRING_CATALOGS = YES;
				MTL_ENABLE_DEBUG_INFO = NO;
				MTL_FAST_MATH = YES;
				SDKROOT = iphoneos;
				SWIFT_COMPILATION_MODE = wholemodule;
				VALIDATE_PRODUCT = YES;
			};
			name = Release;
		};
		C03AE8FB2CAF7BF900FFFE99 /* Debug */ = {
			isa = XCBuildConfiguration;
			buildSettings = {
				ASSETCATALOG_COMPILER_APPICON_NAME = AppIcon;
				ASSETCATALOG_COMPILER_GLOBAL_ACCENT_COLOR_NAME = AccentColor;
				CODE_SIGN_STYLE = Automatic;
				CURRENT_PROJECT_VERSION = 1;
				DEVELOPMENT_ASSET_PATHS = "\"Cookbook/Preview Content\"";
				DEVELOPMENT_TEAM = UY94TTYS6F;
				ENABLE_PREVIEWS = YES;
				GENERATE_INFOPLIST_FILE = YES;
				INFOPLIST_KEY_UIApplicationSceneManifest_Generation = YES;
				INFOPLIST_KEY_UIApplicationSupportsIndirectInputEvents = YES;
				INFOPLIST_KEY_UILaunchScreen_Generation = YES;
				INFOPLIST_KEY_UISupportedInterfaceOrientations_iPad = "UIInterfaceOrientationPortrait UIInterfaceOrientationPortraitUpsideDown UIInterfaceOrientationLandscapeLeft UIInterfaceOrientationLandscapeRight";
				INFOPLIST_KEY_UISupportedInterfaceOrientations_iPhone = "UIInterfaceOrientationPortrait UIInterfaceOrientationLandscapeLeft UIInterfaceOrientationLandscapeRight";
				LD_RUNPATH_SEARCH_PATHS = (
					"$(inherited)",
					"@executable_path/Frameworks",
				);
				MARKETING_VERSION = 1.0;
				PRODUCT_BUNDLE_IDENTIFIER = kyleronayne.Cookbook;
				PRODUCT_NAME = "$(TARGET_NAME)";
				SWIFT_EMIT_LOC_STRINGS = YES;
				SWIFT_VERSION = 5.0;
				TARGETED_DEVICE_FAMILY = "1,2";
			};
			name = Debug;
		};
		C03AE8FC2CAF7BF900FFFE99 /* Release */ = {
			isa = XCBuildConfiguration;
			buildSettings = {
				ASSETCATALOG_COMPILER_APPICON_NAME = AppIcon;
				ASSETCATALOG_COMPILER_GLOBAL_ACCENT_COLOR_NAME = AccentColor;
				CODE_SIGN_STYLE = Automatic;
				CURRENT_PROJECT_VERSION = 1;
				DEVELOPMENT_ASSET_PATHS = "\"Cookbook/Preview Content\"";
				DEVELOPMENT_TEAM = UY94TTYS6F;
				ENABLE_PREVIEWS = YES;
				GENERATE_INFOPLIST_FILE = YES;
				INFOPLIST_KEY_UIApplicationSceneManifest_Generation = YES;
				INFOPLIST_KEY_UIApplicationSupportsIndirectInputEvents = YES;
				INFOPLIST_KEY_UILaunchScreen_Generation = YES;
				INFOPLIST_KEY_UISupportedInterfaceOrientations_iPad = "UIInterfaceOrientationPortrait UIInterfaceOrientationPortraitUpsideDown UIInterfaceOrientationLandscapeLeft UIInterfaceOrientationLandscapeRight";
				INFOPLIST_KEY_UISupportedInterfaceOrientations_iPhone = "UIInterfaceOrientationPortrait UIInterfaceOrientationLandscapeLeft UIInterfaceOrientationLandscapeRight";
				LD_RUNPATH_SEARCH_PATHS = (
					"$(inherited)",
					"@executable_path/Frameworks",
				);
				MARKETING_VERSION = 1.0;
				PRODUCT_BUNDLE_IDENTIFIER = kyleronayne.Cookbook;
				PRODUCT_NAME = "$(TARGET_NAME)";
				SWIFT_EMIT_LOC_STRINGS = YES;
				SWIFT_VERSION = 5.0;
				TARGETED_DEVICE_FAMILY = "1,2";
			};
			name = Release;
		};
		C03AE8FE2CAF7BF900FFFE99 /* Debug */ = {
			isa = XCBuildConfiguration;
			buildSettings = {
				ALWAYS_EMBED_SWIFT_STANDARD_LIBRARIES = YES;
				BUNDLE_LOADER = "$(TEST_HOST)";
				CODE_SIGN_STYLE = Automatic;
				CURRENT_PROJECT_VERSION = 1;
				DEVELOPMENT_TEAM = UY94TTYS6F;
				GENERATE_INFOPLIST_FILE = YES;
				IPHONEOS_DEPLOYMENT_TARGET = 17.2;
				MARKETING_VERSION = 1.0;
				PRODUCT_BUNDLE_IDENTIFIER = kyleronayne.CookbookTests;
				PRODUCT_NAME = "$(TARGET_NAME)";
				SWIFT_EMIT_LOC_STRINGS = NO;
				SWIFT_VERSION = 5.0;
				TARGETED_DEVICE_FAMILY = "1,2";
				TEST_HOST = "$(BUILT_PRODUCTS_DIR)/Cookbook.app/$(BUNDLE_EXECUTABLE_FOLDER_PATH)/Cookbook";
			};
			name = Debug;
		};
		C03AE8FF2CAF7BF900FFFE99 /* Release */ = {
			isa = XCBuildConfiguration;
			buildSettings = {
				ALWAYS_EMBED_SWIFT_STANDARD_LIBRARIES = YES;
				BUNDLE_LOADER = "$(TEST_HOST)";
				CODE_SIGN_STYLE = Automatic;
				CURRENT_PROJECT_VERSION = 1;
				DEVELOPMENT_TEAM = UY94TTYS6F;
				GENERATE_INFOPLIST_FILE = YES;
				IPHONEOS_DEPLOYMENT_TARGET = 17.2;
				MARKETING_VERSION = 1.0;
				PRODUCT_BUNDLE_IDENTIFIER = kyleronayne.CookbookTests;
				PRODUCT_NAME = "$(TARGET_NAME)";
				SWIFT_EMIT_LOC_STRINGS = NO;
				SWIFT_VERSION = 5.0;
				TARGETED_DEVICE_FAMILY = "1,2";
				TEST_HOST = "$(BUILT_PRODUCTS_DIR)/Cookbook.app/$(BUNDLE_EXECUTABLE_FOLDER_PATH)/Cookbook";
			};
			name = Release;
		};
		C03AE9012CAF7BF900FFFE99 /* Debug */ = {
			isa = XCBuildConfiguration;
			buildSettings = {
				ALWAYS_EMBED_SWIFT_STANDARD_LIBRARIES = YES;
				CODE_SIGN_STYLE = Automatic;
				CURRENT_PROJECT_VERSION = 1;
				DEVELOPMENT_TEAM = UY94TTYS6F;
				GENERATE_INFOPLIST_FILE = YES;
				MARKETING_VERSION = 1.0;
				PRODUCT_BUNDLE_IDENTIFIER = kyleronayne.CookbookUITests;
				PRODUCT_NAME = "$(TARGET_NAME)";
				SWIFT_EMIT_LOC_STRINGS = NO;
				SWIFT_VERSION = 5.0;
				TARGETED_DEVICE_FAMILY = "1,2";
				TEST_TARGET_NAME = Cookbook;
			};
			name = Debug;
		};
		C03AE9022CAF7BF900FFFE99 /* Release */ = {
			isa = XCBuildConfiguration;
			buildSettings = {
				ALWAYS_EMBED_SWIFT_STANDARD_LIBRARIES = YES;
				CODE_SIGN_STYLE = Automatic;
				CURRENT_PROJECT_VERSION = 1;
				DEVELOPMENT_TEAM = UY94TTYS6F;
				GENERATE_INFOPLIST_FILE = YES;
				MARKETING_VERSION = 1.0;
				PRODUCT_BUNDLE_IDENTIFIER = kyleronayne.CookbookUITests;
				PRODUCT_NAME = "$(TARGET_NAME)";
				SWIFT_EMIT_LOC_STRINGS = NO;
				SWIFT_VERSION = 5.0;
				TARGETED_DEVICE_FAMILY = "1,2";
				TEST_TARGET_NAME = Cookbook;
			};
			name = Release;
		};
/* End XCBuildConfiguration section */

/* Begin XCConfigurationList section */
		C03AE8D12CAF7BF700FFFE99 /* Build configuration list for PBXProject "Cookbook" */ = {
			isa = XCConfigurationList;
			buildConfigurations = (
				C03AE8F82CAF7BF900FFFE99 /* Debug */,
				C03AE8F92CAF7BF900FFFE99 /* Release */,
			);
			defaultConfigurationIsVisible = 0;
			defaultConfigurationName = Release;
		};
		C03AE8FA2CAF7BF900FFFE99 /* Build configuration list for PBXNativeTarget "Cookbook" */ = {
			isa = XCConfigurationList;
			buildConfigurations = (
				C03AE8FB2CAF7BF900FFFE99 /* Debug */,
				C03AE8FC2CAF7BF900FFFE99 /* Release */,
			);
			defaultConfigurationIsVisible = 0;
			defaultConfigurationName = Release;
		};
		C03AE8FD2CAF7BF900FFFE99 /* Build configuration list for PBXNativeTarget "CookbookTests" */ = {
			isa = XCConfigurationList;
			buildConfigurations = (
				C03AE8FE2CAF7BF900FFFE99 /* Debug */,
				C03AE8FF2CAF7BF900FFFE99 /* Release */,
			);
			defaultConfigurationIsVisible = 0;
			defaultConfigurationName = Release;
		};
		C03AE9002CAF7BF900FFFE99 /* Build configuration list for PBXNativeTarget "CookbookUITests" */ = {
			isa = XCConfigurationList;
			buildConfigurations = (
				C03AE9012CAF7BF900FFFE99 /* Debug */,
				C03AE9022CAF7BF900FFFE99 /* Release */,
			);
			defaultConfigurationIsVisible = 0;
			defaultConfigurationName = Release;
		};
/* End XCConfigurationList section */
	};
	rootObject = C03AE8CE2CAF7BF700FFFE99 /* Project object */;
}
